
Microsoft Visual Studio Solution File, Format Version 12.00
# Visual Studio 2012
Project("{FAE04EC0-301F-11D3-BF4B-00C04F79EFBC}") = "ChevyshevNetGH", "ChevyshevNetGH\ChevyshevNetGH.csproj", "{73194F73-3F9C-499B-A285-CA52C809034C}"
EndProject
Global
	GlobalSection(SolutionConfigurationPlatforms) = preSolution
		Debug|Any CPU = Debug|Any CPU
		Release|Any CPU = Release|Any CPU
	EndGlobalSection
	GlobalSection(ProjectConfigurationPlatforms) = postSolution
		{73194F73-3F9C-499B-A285-CA52C809034C}.Debug|Any CPU.ActiveCfg = Debug|Any CPU
		{73194F73-3F9C-499B-A285-CA52C809034C}.Debug|Any CPU.Build.0 = Debug|Any CPU
		{73194F73-3F9C-499B-A285-CA52C809034C}.Release|Any CPU.ActiveCfg = Release|Any CPU
		{73194F73-3F9C-499B-A285-CA52C809034C}.Release|Any CPU.Build.0 = Release|Any CPU
	EndGlobalSection
EndGlobal
